
Microsoft Visual Studio Solution File, Format Version 12.00
# Visual Studio 15
VisualStudioVersion = 15.0.26730.16
MinimumVisualStudioVersion = 10.0.40219.1
Project("{FAE04EC0-301F-11D3-BF4B-00C04F79EFBC}") = "Essingen", "Essingen\Essingen.csproj", "{41E44AD8-1A07-42F3-AC27-7336F672232E}"
EndProject
Global
	GlobalSection(SolutionConfigurationPlatforms) = preSolution
		Debug|Any CPU = Debug|Any CPU
		Release|Any CPU = Release|Any CPU
	EndGlobalSection
	GlobalSection(ProjectConfigurationPlatforms) = postSolution
		{41E44AD8-1A07-42F3-AC27-7336F672232E}.Debug|Any CPU.ActiveCfg = Debug|Any CPU
		{41E44AD8-1A07-42F3-AC27-7336F672232E}.Debug|Any CPU.Build.0 = Debug|Any CPU
		{41E44AD8-1A07-42F3-AC27-7336F672232E}.Release|Any CPU.ActiveCfg = Release|Any CPU
		{41E44AD8-1A07-42F3-AC27-7336F672232E}.Release|Any CPU.Build.0 = Release|Any CPU
	EndGlobalSection
	GlobalSection(SolutionProperties) = preSolution
		HideSolutionNode = FALSE
	EndGlobalSection
	GlobalSection(ExtensibilityGlobals) = postSolution
		SolutionGuid = {B9D95918-730D-4D22-840D-4DCBD34369B1}
	EndGlobalSection
EndGlobal
